dependencies:
  espressif/cjson:
    component_hash: 002c6d1872ee4c97d333938ebe107a29841cc847f9de89e676714bd2844057ea
    dependencies:
    - name: idf
      require: private
      version: '>=5.0'
    source:
      registry_url: https://components.espressif.com/
      type: service
    version: 1.7.19~1
  idf:
    source:
      type: idf
    version: 5.5.3
  jbrilha/esp_lcd_st7789:
    component_hash: 95b5a7ed16de15546d37d5ab4abce3b1d8b9ed418ec8b6d06ac8890f082e4188
    dependencies: []
    source:
      registry_url: https://components.espressif.com/
      type: service
    version: 1.0.2
direct_dependencies:
- espressif/cjson
- idf
- jbrilha/esp_lcd_st7789
manifest_hash: 553dda36ae1995f12e09bb1248a587a3b7f2d2af6f6c426938f243b4854369df
target: esp32s3
version: 2.0.0
